{
  "name": "Todo-app_Csharp-Application",
  "lockfileVersion": 3,
  "requires": true,
  "packages": {
    "node_modules/sortablejs": {
      "version": "1.15.3",
      "resolved": "https://registry.npmjs.org/sortablejs/-/sortablejs-1.15.3.tgz",
      "integrity": "sha512-zdK3/kwwAK1cJgy1rwl1YtNTbRmc8qW/+vgXf75A7NHag5of4pyI6uK86ktmQETyWRH7IGaE73uZOOBcGxgqZg=="
    }
  }
}
